# This file is generated by running "yarn install" inside your project.
# Manual changes might be lost - proceed with caution!

__metadata:
  version: 8
  cacheKey: 10c0

"chalk@npm:^5.3.0":
  version: 5.3.0
  resolution: "chalk@npm:5.3.0"
  checksum: 10c0/8297d436b2c0f95801103ff2ef67268d362021b8210daf8ddbe349695333eb3610a71122172ff3b0272f1ef2cf7cc2c41fdaa4715f52e49ffe04c56340feed09
  languageName: node
  linkType: hard

"test-yarn@workspace:.":
  version: 0.0.0-use.local
  resolution: "test-yarn@workspace:."
  dependencies:
    chalk: "npm:^5.3.0"
  languageName: unknown
  linkType: soft
